// !$*UTF8*$!
{
	archiveVersion = 1;
	classes = {
	};
	objectVersion = 46;
	objects = {

/* Begin PBXBuildFile section */
		F66361FA22C05D3200B750DC /* main.cpp in Sources */ = {isa = PBXBuildFile; fileRef = F663616522C05D3100B750DC /* main.cpp */; };
		F66361FB22C05D3200B750DC /* Model.cpp in Sources */ = {isa = PBXBuildFile; fileRef = F663616622C05D3100B750DC /* Model.cpp */; };
		F66361FC22C05D3200B750DC /* Mesh.cpp in Sources */ = {isa = PBXBuildFile; fileRef = F66361DD22C05D3200B750DC /* Mesh.cpp */; };
		F66361FD22C05D3200B750DC /* Planet.cpp in Sources */ = {isa = PBXBuildFile; fileRef = F66361DE22C05D3200B750DC /* Planet.cpp */; };
		F66361FE22C05D3200B750DC /* Camera.cpp in Sources */ = {isa = PBXBuildFile; fileRef = F66361DF22C05D3200B750DC /* Camera.cpp */; };
		F66361FF22C05D3200B750DC /* image_helper.c in Sources */ = {isa = PBXBuildFile; fileRef = F66361E122C05D3200B750DC /* image_helper.c */; };
		F663620022C05D3200B750DC /* image_DXT.c in Sources */ = {isa = PBXBuildFile; fileRef = F66361E422C05D3200B750DC /* image_DXT.c */; };
		F663620122C05D3200B750DC /* SOIL2.c in Sources */ = {isa = PBXBuildFile; fileRef = F66361E722C05D3200B750DC /* SOIL2.c */; };
		F663620222C05D3200B750DC /* etc1_utils.c in Sources */ = {isa = PBXBuildFile; fileRef = F66361F122C05D3200B750DC /* etc1_utils.c */; };
		F663620322C05D3200B750DC /* Shader.cpp in Sources */ = {isa = PBXBuildFile; fileRef = F66361F822C05D3200B750DC /* Shader.cpp */; };
		F6F7FBC222BA295E00E3D362 /* OpenGL.framework in Frameworks */ = {isa = PBXBuildFile; fileRef = F6F7FBC122BA295E00E3D362 /* OpenGL.framework */; };
		F6F7FBC422BA29BB00E3D362 /* libassimp.4.1.0.dylib in Frameworks */ = {isa = PBXBuildFile; fileRef = F6F7FBC322BA29BB00E3D362 /* libassimp.4.1.0.dylib */; };
		F6F7FBC622BA29D700E3D362 /* libGLEW.2.1.0.dylib in Frameworks */ = {isa = PBXBuildFile; fileRef = F6F7FBC522BA29D700E3D362 /* libGLEW.2.1.0.dylib */; };
		F6F7FBC822BA29EF00E3D362 /* libglfw.3.2.dylib in Frameworks */ = {isa = PBXBuildFile; fileRef = F6F7FBC722BA29EF00E3D362 /* libglfw.3.2.dylib */; };
		F6F7FC3722BA38EF00E3D362 /* CoreFoundation.framework in Frameworks */ = {isa = PBXBuildFile; fileRef = F6F7FC3622BA38EF00E3D362 /* CoreFoundation.framework */; };
/* End PBXBuildFile section */

/* Begin PBXFileReference section */
		E263994D190D148400B6251A /* CGTutorial.app */ = {isa = PBXFileReference; explicitFileType = wrapper.application; includeInIndex = 0; path = CGTutorial.app; sourceTree = BUILT_PRODUCTS_DIR; };
		F663616522C05D3100B750DC /* main.cpp */ = {isa = PBXFileReference; fileEncoding = 4; lastKnownFileType = sourcecode.cpp.cpp; path = main.cpp; sourceTree = "<group>"; };
		F663616622C05D3100B750DC /* Model.cpp */ = {isa = PBXFileReference; fileEncoding = 4; lastKnownFileType = sourcecode.cpp.cpp; path = Model.cpp; sourceTree = "<group>"; };
		F663616922C05D3100B750DC /* container2_specular.png */ = {isa = PBXFileReference; lastKnownFileType = image.png; path = container2_specular.png; sourceTree = "<group>"; };
		F663616A22C05D3100B750DC /* container2.png */ = {isa = PBXFileReference; lastKnownFileType = image.png; path = container2.png; sourceTree = "<group>"; };
		F663616B22C05D3100B750DC /* image1.jpg */ = {isa = PBXFileReference; lastKnownFileType = image.jpeg; path = image1.jpg; sourceTree = "<group>"; };
		F663616C22C05D3100B750DC /* image2.png */ = {isa = PBXFileReference; lastKnownFileType = image.png; path = image2.png; sourceTree = "<group>"; };
		F663616D22C05D3100B750DC /* image3.png */ = {isa = PBXFileReference; lastKnownFileType = image.png; path = image3.png; sourceTree = "<group>"; };
		F663617022C05D3100B750DC /* body_showroom_ddn.png */ = {isa = PBXFileReference; lastKnownFileType = image.png; path = body_showroom_ddn.png; sourceTree = "<group>"; };
		F663617122C05D3100B750DC /* helmet_showroom_ddn.png */ = {isa = PBXFileReference; lastKnownFileType = image.png; path = helmet_showroom_ddn.png; sourceTree = "<group>"; };
		F663617222C05D3100B750DC /* arm_showroom_ddn.png */ = {isa = PBXFileReference; lastKnownFileType = image.png; path = arm_showroom_ddn.png; sourceTree = "<group>"; };
		F663617322C05D3100B750DC /* arm_showroom_spec.png */ = {isa = PBXFileReference; lastKnownFileType = image.png; path = arm_showroom_spec.png; sourceTree = "<group>"; };
		F663617422C05D3100B750DC /* leg_dif.png */ = {isa = PBXFileReference; lastKnownFileType = image.png; path = leg_dif.png; sourceTree = "<group>"; };
		F663617522C05D3100B750DC /* hand_showroom_spec.png */ = {isa = PBXFileReference; lastKnownFileType = image.png; path = hand_showroom_spec.png; sourceTree = "<group>"; };
		F663617622C05D3100B750DC /* glass_ddn.png */ = {isa = PBXFileReference; lastKnownFileType = image.png; path = glass_ddn.png; sourceTree = "<group>"; };
		F663617722C05D3100B750DC /* nanosuit.mtl */ = {isa = PBXFileReference; fileEncoding = 4; lastKnownFileType = text; path = nanosuit.mtl; sourceTree = "<group>"; };
		F663617822C05D3100B750DC /* body_dif.png */ = {isa = PBXFileReference; lastKnownFileType = image.png; path = body_dif.png; sourceTree = "<group>"; };
		F663617922C05D3100B750DC /* hand_showroom_ddn.png */ = {isa = PBXFileReference; lastKnownFileType = image.png; path = hand_showroom_ddn.png; sourceTree = "<group>"; };
		F663617A22C05D3100B750DC /* glass_dif.png */ = {isa = PBXFileReference; lastKnownFileType = image.png; path = glass_dif.png; sourceTree = "<group>"; };
		F663617B22C05D3100B750DC /* arm_dif.png */ = {isa = PBXFileReference; lastKnownFileType = image.png; path = arm_dif.png; sourceTree = "<group>"; };
		F663617C22C05D3100B750DC /* nanosuit.blend */ = {isa = PBXFileReference; lastKnownFileType = file; path = nanosuit.blend; sourceTree = "<group>"; };
		F663617D22C05D3100B750DC /* helmet_diff.png */ = {isa = PBXFileReference; lastKnownFileType = image.png; path = helmet_diff.png; sourceTree = "<group>"; };
		F663617E22C05D3100B750DC /* nanosuit.obj */ = {isa = PBXFileReference; fileEncoding = 4; lastKnownFileType = text; path = nanosuit.obj; sourceTree = "<group>"; };
		F663617F22C05D3100B750DC /* leg_showroom_ddn.png */ = {isa = PBXFileReference; lastKnownFileType = image.png; path = leg_showroom_ddn.png; sourceTree = "<group>"; };
		F663618022C05D3100B750DC /* LICENSE.txt */ = {isa = PBXFileReference; fileEncoding = 4; lastKnownFileType = text; path = LICENSE.txt; sourceTree = "<group>"; };
		F663618122C05D3100B750DC /* helmet_showroom_spec.png */ = {isa = PBXFileReference; lastKnownFileType = image.png; path = helmet_showroom_spec.png; sourceTree = "<group>"; };
		F663618222C05D3100B750DC /* leg_showroom_spec.png */ = {isa = PBXFileReference; lastKnownFileType = image.png; path = leg_showroom_spec.png; sourceTree = "<group>"; };
		F663618322C05D3100B750DC /* body_showroom_spec.png */ = {isa = PBXFileReference; lastKnownFileType = image.png; path = body_showroom_spec.png; sourceTree = "<group>"; };
		F663618422C05D3100B750DC /* hand_dif.png */ = {isa = PBXFileReference; lastKnownFileType = image.png; path = hand_dif.png; sourceTree = "<group>"; };
		F663618722C05D3100B750DC /* mercurymap.jpg */ = {isa = PBXFileReference; lastKnownFileType = image.jpeg; path = mercurymap.jpg; sourceTree = "<group>"; };
		F663618822C05D3100B750DC /* mercury.mtl */ = {isa = PBXFileReference; fileEncoding = 4; lastKnownFileType = text; path = mercury.mtl; sourceTree = "<group>"; };
		F663618922C05D3100B750DC /* mercurybump.jpg */ = {isa = PBXFileReference; lastKnownFileType = image.jpeg; path = mercurybump.jpg; sourceTree = "<group>"; };
		F663618A22C05D3100B750DC /* mercury.obj */ = {isa = PBXFileReference; fileEncoding = 4; lastKnownFileType = text; path = mercury.obj; sourceTree = "<group>"; };
		F663618B22C05D3100B750DC /* Readme.txt */ = {isa = PBXFileReference; fileEncoding = 4; lastKnownFileType = text; path = Readme.txt; sourceTree = "<group>"; };
		F663618C22C05D3100B750DC /* Mercury.jpg */ = {isa = PBXFileReference; lastKnownFileType = image.jpeg; path = Mercury.jpg; sourceTree = "<group>"; };
		F663618E22C05D3100B750DC /* Map__65_Falloff.jpg */ = {isa = PBXFileReference; lastKnownFileType = image.jpeg; path = Map__65_Falloff.jpg; sourceTree = "<group>"; };
		F663618F22C05D3100B750DC /* sun2.obj */ = {isa = PBXFileReference; fileEncoding = 4; lastKnownFileType = text; path = sun2.obj; sourceTree = "<group>"; };
		F663619022C05D3100B750DC /* Clouds.jpg */ = {isa = PBXFileReference; lastKnownFileType = image.jpeg; path = Clouds.jpg; sourceTree = "<group>"; };
		F663619122C05D3100B750DC /* Clouds-mask.jpg */ = {isa = PBXFileReference; lastKnownFileType = image.jpeg; path = "Clouds-mask.jpg"; sourceTree = "<group>"; };
		F663619222C05D3100B750DC /* Agni-Baume-land.jpg */ = {isa = PBXFileReference; lastKnownFileType = image.jpeg; path = "Agni-Baume-land.jpg"; sourceTree = "<group>"; };
		F663619322C05D3100B750DC /* Map__68_Falloff.jpg */ = {isa = PBXFileReference; lastKnownFileType = image.jpeg; path = Map__68_Falloff.jpg; sourceTree = "<group>"; };
		F663619422C05D3100B750DC /* Map__67_Falloff.jpg */ = {isa = PBXFileReference; lastKnownFileType = image.jpeg; path = Map__67_Falloff.jpg; sourceTree = "<group>"; };
		F663619522C05D3100B750DC /* sun2.mtl */ = {isa = PBXFileReference; fileEncoding = 4; lastKnownFileType = text; path = sun2.mtl; sourceTree = "<group>"; };
		F663619622C05D3100B750DC /* Sun03.jpg */ = {isa = PBXFileReference; lastKnownFileType = image.jpeg; path = Sun03.jpg; sourceTree = "<group>"; };
		F663619722C05D3100B750DC /* Space-Background.jpg */ = {isa = PBXFileReference; lastKnownFileType = image.jpeg; path = "Space-Background.jpg"; sourceTree = "<group>"; };
		F663619822C05D3100B750DC /* Map__9_Falloff.jpg */ = {isa = PBXFileReference; lastKnownFileType = image.jpeg; path = Map__9_Falloff.jpg; sourceTree = "<group>"; };
		F663619922C05D3100B750DC /* Sun02.jpg */ = {isa = PBXFileReference; lastKnownFileType = image.jpeg; path = Sun02.jpg; sourceTree = "<group>"; };
		F663619A22C05D3100B750DC /* Sun01.jpg */ = {isa = PBXFileReference; lastKnownFileType = image.jpeg; path = Sun01.jpg; sourceTree = "<group>"; };
		F663619C22C05D3100B750DC /* venus.obj */ = {isa = PBXFileReference; fileEncoding = 4; lastKnownFileType = text; path = venus.obj; sourceTree = "<group>"; };
		F663619D22C05D3100B750DC /* venus.mtl */ = {isa = PBXFileReference; fileEncoding = 4; lastKnownFileType = text; path = venus.mtl; sourceTree = "<group>"; };
		F663619E22C05D3100B750DC /* venusbump.jpg */ = {isa = PBXFileReference; lastKnownFileType = image.jpeg; path = venusbump.jpg; sourceTree = "<group>"; };
		F663619F22C05D3100B750DC /* venusmap.jpg */ = {isa = PBXFileReference; lastKnownFileType = image.jpeg; path = venusmap.jpg; sourceTree = "<group>"; };
		F66361A122C05D3100B750DC /* Thumbs.db */ = {isa = PBXFileReference; lastKnownFileType = file; path = Thumbs.db; sourceTree = "<group>"; };
		F66361A222C05D3100B750DC /* moon1.obj */ = {isa = PBXFileReference; fileEncoding = 4; lastKnownFileType = text; path = moon1.obj; sourceTree = "<group>"; };
		F66361A322C05D3100B750DC /* MoonMap2_2500x1250.jpg */ = {isa = PBXFileReference; lastKnownFileType = image.jpeg; path = MoonMap2_2500x1250.jpg; sourceTree = "<group>"; };
		F66361A422C05D3100B750DC /* moonmap2k.jpg */ = {isa = PBXFileReference; lastKnownFileType = image.jpeg; path = moonmap2k.jpg; sourceTree = "<group>"; };
		F66361A522C05D3100B750DC /* moon-normal.jpg */ = {isa = PBXFileReference; lastKnownFileType = image.jpeg; path = "moon-normal.jpg"; sourceTree = "<group>"; };
		F66361A622C05D3100B750DC /* moon1.mtl */ = {isa = PBXFileReference; fileEncoding = 4; lastKnownFileType = text; path = moon1.mtl; sourceTree = "<group>"; };
		F66361A822C05D3100B750DC /* neptune.mtl */ = {isa = PBXFileReference; fileEncoding = 4; lastKnownFileType = text; path = neptune.mtl; sourceTree = "<group>"; };
		F66361A922C05D3100B750DC /* neptunemap.jpg */ = {isa = PBXFileReference; lastKnownFileType = image.jpeg; path = neptunemap.jpg; sourceTree = "<group>"; };
		F66361AA22C05D3100B750DC /* Neptune.jpg */ = {isa = PBXFileReference; lastKnownFileType = image.jpeg; path = Neptune.jpg; sourceTree = "<group>"; };
		F66361AB22C05D3100B750DC /* Readme.txt */ = {isa = PBXFileReference; fileEncoding = 4; lastKnownFileType = text; path = Readme.txt; sourceTree = "<group>"; };
		F66361AC22C05D3100B750DC /* neptune.obj */ = {isa = PBXFileReference; fileEncoding = 4; lastKnownFileType = text; path = neptune.obj; sourceTree = "<group>"; };
		F66361AE22C05D3100B750DC /* saturn3.mtl */ = {isa = PBXFileReference; fileEncoding = 4; lastKnownFileType = text; path = saturn3.mtl; sourceTree = "<group>"; };
		F66361AF22C05D3100B750DC /* saturnmap.jpg */ = {isa = PBXFileReference; lastKnownFileType = image.jpeg; path = saturnmap.jpg; sourceTree = "<group>"; };
		F66361B022C05D3100B750DC /* saturnringpattern.gif */ = {isa = PBXFileReference; lastKnownFileType = image.gif; path = saturnringpattern.gif; sourceTree = "<group>"; };
		F66361B122C05D3100B750DC /* saturn3.obj */ = {isa = PBXFileReference; fileEncoding = 4; lastKnownFileType = text; path = saturn3.obj; sourceTree = "<group>"; };
		F66361B222C05D3100B750DC /* Saturn.jpg */ = {isa = PBXFileReference; lastKnownFileType = image.jpeg; path = Saturn.jpg; sourceTree = "<group>"; };
		F66361B322C05D3100B750DC /* saturnringcolor.jpg */ = {isa = PBXFileReference; lastKnownFileType = image.jpeg; path = saturnringcolor.jpg; sourceTree = "<group>"; };
		F66361B522C05D3100B750DC /* Jupiter.jpg */ = {isa = PBXFileReference; lastKnownFileType = image.jpeg; path = Jupiter.jpg; sourceTree = "<group>"; };
		F66361B622C05D3100B750DC /* jupiter1.obj */ = {isa = PBXFileReference; fileEncoding = 4; lastKnownFileType = text; path = jupiter1.obj; sourceTree = "<group>"; };
		F66361B722C05D3100B750DC /* Jupiter_2.jpg */ = {isa = PBXFileReference; lastKnownFileType = image.jpeg; path = Jupiter_2.jpg; sourceTree = "<group>"; };
		F66361B822C05D3100B750DC /* jupiter1.mtl */ = {isa = PBXFileReference; fileEncoding = 4; lastKnownFileType = text; path = jupiter1.mtl; sourceTree = "<group>"; };
		F66361B922C05D3100B750DC /* Readme.txt */ = {isa = PBXFileReference; fileEncoding = 4; lastKnownFileType = text; path = Readme.txt; sourceTree = "<group>"; };
		F66361BA22C05D3100B750DC /* jupitermap.jpg */ = {isa = PBXFileReference; lastKnownFileType = image.jpeg; path = jupitermap.jpg; sourceTree = "<group>"; };
		F66361BB22C05D3100B750DC /* descarga (13).jpg */ = {isa = PBXFileReference; lastKnownFileType = image.jpeg; path = "descarga (13).jpg"; sourceTree = "<group>"; };
		F66361BD22C05D3100B750DC /* earth.obj */ = {isa = PBXFileReference; fileEncoding = 4; lastKnownFileType = text; path = earth.obj; sourceTree = "<group>"; };
		F66361BE22C05D3100B750DC /* planet.jpg */ = {isa = PBXFileReference; lastKnownFileType = image.jpeg; path = planet.jpg; sourceTree = "<group>"; };
		F66361BF22C05D3100B750DC /* 4096_clouds.jpg */ = {isa = PBXFileReference; lastKnownFileType = image.jpeg; path = 4096_clouds.jpg; sourceTree = "<group>"; };
		F66361C022C05D3100B750DC /* 4096_normal.jpg */ = {isa = PBXFileReference; lastKnownFileType = image.jpeg; path = 4096_normal.jpg; sourceTree = "<group>"; };
		F66361C122C05D3100B750DC /* 4096_bump.jpg */ = {isa = PBXFileReference; lastKnownFileType = image.jpeg; path = 4096_bump.jpg; sourceTree = "<group>"; };
		F66361C222C05D3100B750DC /* earth.mtl */ = {isa = PBXFileReference; fileEncoding = 4; lastKnownFileType = text; path = earth.mtl; sourceTree = "<group>"; };
		F66361C322C05D3100B750DC /* 4096_earth.jpg */ = {isa = PBXFileReference; lastKnownFileType = image.jpeg; path = 4096_earth.jpg; sourceTree = "<group>"; };
		F66361C422C05D3100B750DC /* 4096_night_lights.jpg */ = {isa = PBXFileReference; lastKnownFileType = image.jpeg; path = 4096_night_lights.jpg; sourceTree = "<group>"; };
		F66361C622C05D3100B750DC /* uranusmap.jpg */ = {isa = PBXFileReference; lastKnownFileType = image.jpeg; path = uranusmap.jpg; sourceTree = "<group>"; };
		F66361C722C05D3100B750DC /* uranus.obj */ = {isa = PBXFileReference; fileEncoding = 4; lastKnownFileType = text; path = uranus.obj; sourceTree = "<group>"; };
		F66361C822C05D3100B750DC /* uranusmap_bumb.jpg */ = {isa = PBXFileReference; lastKnownFileType = image.jpeg; path = uranusmap_bumb.jpg; sourceTree = "<group>"; };
		F66361C922C05D3100B750DC /* uranus.mtl */ = {isa = PBXFileReference; fileEncoding = 4; lastKnownFileType = text; path = uranus.mtl; sourceTree = "<group>"; };
		F66361CB22C05D3100B750DC /* Mars_normal-strong.obj.mtl */ = {isa = PBXFileReference; fileEncoding = 4; lastKnownFileType = text; path = "Mars_normal-strong.obj.mtl"; sourceTree = "<group>"; };
		F66361CC22C05D3100B750DC /* mars-sample-big-1.jpg */ = {isa = PBXFileReference; lastKnownFileType = image.jpeg; path = "mars-sample-big-1.jpg"; sourceTree = "<group>"; };
		F66361CD22C05D3100B750DC /* mars-sample-big-3.jpg */ = {isa = PBXFileReference; lastKnownFileType = image.jpeg; path = "mars-sample-big-3.jpg"; sourceTree = "<group>"; };
		F66361CE22C05D3100B750DC /* mars-sample-big-2.jpg */ = {isa = PBXFileReference; lastKnownFileType = image.jpeg; path = "mars-sample-big-2.jpg"; sourceTree = "<group>"; };
		F66361CF22C05D3100B750DC /* Mars8k-modified.jpg */ = {isa = PBXFileReference; lastKnownFileType = image.jpeg; path = "Mars8k-modified.jpg"; sourceTree = "<group>"; };
		F66361D022C05D3100B750DC /* Mars_normal-strong.obj */ = {isa = PBXFileReference; fileEncoding = 4; lastKnownFileType = text; path = "Mars_normal-strong.obj"; sourceTree = "<group>"; };
		F66361D122C05D3100B750DC /* mars-sample-scene.lws */ = {isa = PBXFileReference; fileEncoding = 4; lastKnownFileType = text; path = "mars-sample-scene.lws"; sourceTree = "<group>"; };
		F66361D222C05D3100B750DC /* MarsNormal.jpg */ = {isa = PBXFileReference; lastKnownFileType = image.jpeg; path = MarsNormal.jpg; sourceTree = "<group>"; };
		F66361D322C05D3100B750DC /* Mars_normal-strong.lwo */ = {isa = PBXFileReference; lastKnownFileType = file; path = "Mars_normal-strong.lwo"; sourceTree = "<group>"; };
		F66361D522C05D3100B750DC /* lamp.frag */ = {isa = PBXFileReference; fileEncoding = 4; lastKnownFileType = sourcecode.glsl; path = lamp.frag; sourceTree = "<group>"; };
		F66361D622C05D3100B750DC /* lighting.frag */ = {isa = PBXFileReference; fileEncoding = 4; lastKnownFileType = sourcecode.glsl; path = lighting.frag; sourceTree = "<group>"; };
		F66361D722C05D3100B750DC /* lighting.vs */ = {isa = PBXFileReference; fileEncoding = 4; lastKnownFileType = sourcecode.glsl; path = lighting.vs; sourceTree = "<group>"; };
		F66361D822C05D3100B750DC /* lamp.vs */ = {isa = PBXFileReference; fileEncoding = 4; lastKnownFileType = sourcecode.glsl; path = lamp.vs; sourceTree = "<group>"; };
		F66361D922C05D3100B750DC /* modelLoading.frag */ = {isa = PBXFileReference; fileEncoding = 4; lastKnownFileType = sourcecode.glsl; path = modelLoading.frag; sourceTree = "<group>"; };
		F66361DA22C05D3100B750DC /* modelLoading.vs */ = {isa = PBXFileReference; fileEncoding = 4; lastKnownFileType = sourcecode.glsl; path = modelLoading.vs; sourceTree = "<group>"; };
		F66361DB22C05D3100B750DC /* Mesh.h */ = {isa = PBXFileReference; fileEncoding = 4; lastKnownFileType = sourcecode.c.h; path = Mesh.h; sourceTree = "<group>"; };
		F66361DC22C05D3100B750DC /* Shader.h */ = {isa = PBXFileReference; fileEncoding = 4; lastKnownFileType = sourcecode.c.h; path = Shader.h; sourceTree = "<group>"; };
		F66361DD22C05D3200B750DC /* Mesh.cpp */ = {isa = PBXFileReference; fileEncoding = 4; lastKnownFileType = sourcecode.cpp.cpp; path = Mesh.cpp; sourceTree = "<group>"; };
		F66361DE22C05D3200B750DC /* Planet.cpp */ = {isa = PBXFileReference; fileEncoding = 4; lastKnownFileType = sourcecode.cpp.cpp; path = Planet.cpp; sourceTree = "<group>"; };
		F66361DF22C05D3200B750DC /* Camera.cpp */ = {isa = PBXFileReference; fileEncoding = 4; lastKnownFileType = sourcecode.cpp.cpp; path = Camera.cpp; sourceTree = "<group>"; };
		F66361E122C05D3200B750DC /* image_helper.c */ = {isa = PBXFileReference; fileEncoding = 4; lastKnownFileType = sourcecode.c.c; path = image_helper.c; sourceTree = "<group>"; };
		F66361E222C05D3200B750DC /* stbi_pkm.h */ = {isa = PBXFileReference; fileEncoding = 4; lastKnownFileType = sourcecode.c.h; path = stbi_pkm.h; sourceTree = "<group>"; };
		F66361E322C05D3200B750DC /* jo_jpeg.h */ = {isa = PBXFileReference; fileEncoding = 4; lastKnownFileType = sourcecode.c.h; path = jo_jpeg.h; sourceTree = "<group>"; };
		F66361E422C05D3200B750DC /* image_DXT.c */ = {isa = PBXFileReference; fileEncoding = 4; lastKnownFileType = sourcecode.c.c; path = image_DXT.c; sourceTree = "<group>"; };
		F66361E522C05D3200B750DC /* etc1_utils.h */ = {isa = PBXFileReference; fileEncoding = 4; lastKnownFileType = sourcecode.c.h; path = etc1_utils.h; sourceTree = "<group>"; };
		F66361E622C05D3200B750DC /* stb_image_write.h */ = {isa = PBXFileReference; fileEncoding = 4; lastKnownFileType = sourcecode.c.h; path = stb_image_write.h; sourceTree = "<group>"; };
		F66361E722C05D3200B750DC /* SOIL2.c */ = {isa = PBXFileReference; fileEncoding = 4; lastKnownFileType = sourcecode.c.c; path = SOIL2.c; sourceTree = "<group>"; };
		F66361E822C05D3200B750DC /* pkm_helper.h */ = {isa = PBXFileReference; fileEncoding = 4; lastKnownFileType = sourcecode.c.h; path = pkm_helper.h; sourceTree = "<group>"; };
		F66361E922C05D3200B750DC /* stbi_DDS_c.h */ = {isa = PBXFileReference; fileEncoding = 4; lastKnownFileType = sourcecode.c.h; path = stbi_DDS_c.h; sourceTree = "<group>"; };
		F66361EA22C05D3200B750DC /* stbi_pvr.h */ = {isa = PBXFileReference; fileEncoding = 4; lastKnownFileType = sourcecode.c.h; path = stbi_pvr.h; sourceTree = "<group>"; };
		F66361EB22C05D3200B750DC /* stbi_ext.h */ = {isa = PBXFileReference; fileEncoding = 4; lastKnownFileType = sourcecode.c.h; path = stbi_ext.h; sourceTree = "<group>"; };
		F66361EC22C05D3200B750DC /* stb_image.h */ = {isa = PBXFileReference; fileEncoding = 4; lastKnownFileType = sourcecode.c.h; path = stb_image.h; sourceTree = "<group>"; };
		F66361ED22C05D3200B750DC /* stbi_pvr_c.h */ = {isa = PBXFileReference; fileEncoding = 4; lastKnownFileType = sourcecode.c.h; path = stbi_pvr_c.h; sourceTree = "<group>"; };
		F66361EE22C05D3200B750DC /* stbi_ext_c.h */ = {isa = PBXFileReference; fileEncoding = 4; lastKnownFileType = sourcecode.c.h; path = stbi_ext_c.h; sourceTree = "<group>"; };
		F66361EF22C05D3200B750DC /* image_helper.h */ = {isa = PBXFileReference; fileEncoding = 4; lastKnownFileType = sourcecode.c.h; path = image_helper.h; sourceTree = "<group>"; };
		F66361F022C05D3200B750DC /* SOIL2.h */ = {isa = PBXFileReference; fileEncoding = 4; lastKnownFileType = sourcecode.c.h; path = SOIL2.h; sourceTree = "<group>"; };
		F66361F122C05D3200B750DC /* etc1_utils.c */ = {isa = PBXFileReference; fileEncoding = 4; lastKnownFileType = sourcecode.c.c; path = etc1_utils.c; sourceTree = "<group>"; };
		F66361F222C05D3200B750DC /* image_DXT.h */ = {isa = PBXFileReference; fileEncoding = 4; lastKnownFileType = sourcecode.c.h; path = image_DXT.h; sourceTree = "<group>"; };
		F66361F322C05D3200B750DC /* stbi_pkm_c.h */ = {isa = PBXFileReference; fileEncoding = 4; lastKnownFileType = sourcecode.c.h; path = stbi_pkm_c.h; sourceTree = "<group>"; };
		F66361F422C05D3200B750DC /* stbi_DDS.h */ = {isa = PBXFileReference; fileEncoding = 4; lastKnownFileType = sourcecode.c.h; path = stbi_DDS.h; sourceTree = "<group>"; };
		F66361F522C05D3200B750DC /* pvr_helper.h */ = {isa = PBXFileReference; fileEncoding = 4; lastKnownFileType = sourcecode.c.h; path = pvr_helper.h; sourceTree = "<group>"; };
		F66361F622C05D3200B750DC /* Planet.h */ = {isa = PBXFileReference; fileEncoding = 4; lastKnownFileType = sourcecode.c.h; path = Planet.h; sourceTree = "<group>"; };
		F66361F722C05D3200B750DC /* Camera.h */ = {isa = PBXFileReference; fileEncoding = 4; lastKnownFileType = sourcecode.c.h; path = Camera.h; sourceTree = "<group>"; };
		F66361F822C05D3200B750DC /* Shader.cpp */ = {isa = PBXFileReference; fileEncoding = 4; lastKnownFileType = sourcecode.cpp.cpp; path = Shader.cpp; sourceTree = "<group>"; };
		F66361F922C05D3200B750DC /* Model.h */ = {isa = PBXFileReference; fileEncoding = 4; lastKnownFileType = sourcecode.c.h; path = Model.h; sourceTree = "<group>"; };
		F6F7FBC122BA295E00E3D362 /* OpenGL.framework */ = {isa = PBXFileReference; lastKnownFileType = wrapper.framework; name = OpenGL.framework; path = System/Library/Frameworks/OpenGL.framework; sourceTree = SDKROOT; };
		F6F7FBC322BA29BB00E3D362 /* libassimp.4.1.0.dylib */ = {isa = PBXFileReference; lastKnownFileType = "compiled.mach-o.dylib"; name = libassimp.4.1.0.dylib; path = ../../../../../../../../usr/local/Cellar/assimp/4.1.0/lib/libassimp.4.1.0.dylib; sourceTree = "<group>"; };
		F6F7FBC522BA29D700E3D362 /* libGLEW.2.1.0.dylib */ = {isa = PBXFileReference; lastKnownFileType = "compiled.mach-o.dylib"; name = libGLEW.2.1.0.dylib; path = ../../../../../../../../usr/local/Cellar/glew/2.1.0/lib/libGLEW.2.1.0.dylib; sourceTree = "<group>"; };
		F6F7FBC722BA29EF00E3D362 /* libglfw.3.2.dylib */ = {isa = PBXFileReference; lastKnownFileType = "compiled.mach-o.dylib"; name = libglfw.3.2.dylib; path = ../../../../../../../../usr/local/Cellar/glfw/3.2.1/lib/libglfw.3.2.dylib; sourceTree = "<group>"; };
		F6F7FC3422BA363400E3D362 /* ContactsUI.framework */ = {isa = PBXFileReference; lastKnownFileType = wrapper.framework; name = ContactsUI.framework; path = System/Library/Frameworks/ContactsUI.framework; sourceTree = SDKROOT; };
		F6F7FC3622BA38EF00E3D362 /* CoreFoundation.framework */ = {isa = PBXFileReference; lastKnownFileType = wrapper.framework; name = CoreFoundation.framework; path = System/Library/Frameworks/CoreFoundation.framework; sourceTree = SDKROOT; };
/* End PBXFileReference section */

/* Begin PBXFrameworksBuildPhase section */
		E263994A190D148400B6251A /* Frameworks */ = {
			isa = PBXFrameworksBuildPhase;
			buildActionMask = 2147483647;
			files = (
				F6F7FC3722BA38EF00E3D362 /* CoreFoundation.framework in Frameworks */,
				F6F7FBC822BA29EF00E3D362 /* libglfw.3.2.dylib in Frameworks */,
				F6F7FBC622BA29D700E3D362 /* libGLEW.2.1.0.dylib in Frameworks */,
				F6F7FBC422BA29BB00E3D362 /* libassimp.4.1.0.dylib in Frameworks */,
				F6F7FBC222BA295E00E3D362 /* OpenGL.framework in Frameworks */,
			);
			runOnlyForDeploymentPostprocessing = 0;
		};
/* End PBXFrameworksBuildPhase section */

/* Begin PBXGroup section */
		E2639942190D145C00B6251A = {
			isa = PBXGroup;
			children = (
				E2639AD9190D156500B6251A /* cg */,
				E263994E190D148400B6251A /* Products */,
				F6F7FBC022BA295E00E3D362 /* Frameworks */,
			);
			sourceTree = "<group>";
		};
		E263994E190D148400B6251A /* Products */ = {
			isa = PBXGroup;
			children = (
				E263994D190D148400B6251A /* CGTutorial.app */,
			);
			name = Products;
			sourceTree = "<group>";
		};
		E2639AD9190D156500B6251A /* cg */ = {
			isa = PBXGroup;
			children = (
				F6F7FBE322BA320C00E3D362 /* src */,
			);
			name = cg;
			path = source/CGTutorial;
			sourceTree = "<group>";
		};
		F663616722C05D3100B750DC /* res */ = {
			isa = PBXGroup;
			children = (
				F663616822C05D3100B750DC /* images */,
				F663616E22C05D3100B750DC /* models */,
				F66361D422C05D3100B750DC /* shaders */,
			);
			path = res;
			sourceTree = "<group>";
		};
		F663616822C05D3100B750DC /* images */ = {
			isa = PBXGroup;
			children = (
				F663616922C05D3100B750DC /* container2_specular.png */,
				F663616A22C05D3100B750DC /* container2.png */,
				F663616B22C05D3100B750DC /* image1.jpg */,
				F663616C22C05D3100B750DC /* image2.png */,
				F663616D22C05D3100B750DC /* image3.png */,
			);
			path = images;
			sourceTree = "<group>";
		};
		F663616E22C05D3100B750DC /* models */ = {
			isa = PBXGroup;
			children = (
				F663616F22C05D3100B750DC /* nanosuit */,
				F663618522C05D3100B750DC /* planets */,
			);
			path = models;
			sourceTree = "<group>";
		};
		F663616F22C05D3100B750DC /* nanosuit */ = {
			isa = PBXGroup;
			children = (
				F663617022C05D3100B750DC /* body_showroom_ddn.png */,
				F663617122C05D3100B750DC /* helmet_showroom_ddn.png */,
				F663617222C05D3100B750DC /* arm_showroom_ddn.png */,
				F663617322C05D3100B750DC /* arm_showroom_spec.png */,
				F663617422C05D3100B750DC /* leg_dif.png */,
				F663617522C05D3100B750DC /* hand_showroom_spec.png */,
				F663617622C05D3100B750DC /* glass_ddn.png */,
				F663617722C05D3100B750DC /* nanosuit.mtl */,
				F663617822C05D3100B750DC /* body_dif.png */,
				F663617922C05D3100B750DC /* hand_showroom_ddn.png */,
				F663617A22C05D3100B750DC /* glass_dif.png */,
				F663617B22C05D3100B750DC /* arm_dif.png */,
				F663617C22C05D3100B750DC /* nanosuit.blend */,
				F663617D22C05D3100B750DC /* helmet_diff.png */,
				F663617E22C05D3100B750DC /* nanosuit.obj */,
				F663617F22C05D3100B750DC /* leg_showroom_ddn.png */,
				F663618022C05D3100B750DC /* LICENSE.txt */,
				F663618122C05D3100B750DC /* helmet_showroom_spec.png */,
				F663618222C05D3100B750DC /* leg_showroom_spec.png */,
				F663618322C05D3100B750DC /* body_showroom_spec.png */,
				F663618422C05D3100B750DC /* hand_dif.png */,
			);
			path = nanosuit;
			sourceTree = "<group>";
		};
		F663618522C05D3100B750DC /* planets */ = {
			isa = PBXGroup;
			children = (
				F663618622C05D3100B750DC /* mercury */,
				F663618D22C05D3100B750DC /* Sun */,
				F663619B22C05D3100B750DC /* Venus */,
				F66361A022C05D3100B750DC /* moon */,
				F66361A722C05D3100B750DC /* Neptune */,
				F66361AD22C05D3100B750DC /* Saturn */,
				F66361B422C05D3100B750DC /* jupiter */,
				F66361BC22C05D3100B750DC /* earth */,
				F66361C522C05D3100B750DC /* Uranus */,
				F66361CA22C05D3100B750DC /* mars */,
			);
			path = planets;
			sourceTree = "<group>";
		};
		F663618622C05D3100B750DC /* mercury */ = {
			isa = PBXGroup;
			children = (
				F663618722C05D3100B750DC /* mercurymap.jpg */,
				F663618822C05D3100B750DC /* mercury.mtl */,
				F663618922C05D3100B750DC /* mercurybump.jpg */,
				F663618A22C05D3100B750DC /* mercury.obj */,
				F663618B22C05D3100B750DC /* Readme.txt */,
				F663618C22C05D3100B750DC /* Mercury.jpg */,
			);
			path = mercury;
			sourceTree = "<group>";
		};
		F663618D22C05D3100B750DC /* Sun */ = {
			isa = PBXGroup;
			children = (
				F663618E22C05D3100B750DC /* Map__65_Falloff.jpg */,
				F663618F22C05D3100B750DC /* sun2.obj */,
				F663619022C05D3100B750DC /* Clouds.jpg */,
				F663619122C05D3100B750DC /* Clouds-mask.jpg */,
				F663619222C05D3100B750DC /* Agni-Baume-land.jpg */,
				F663619322C05D3100B750DC /* Map__68_Falloff.jpg */,
				F663619422C05D3100B750DC /* Map__67_Falloff.jpg */,
				F663619522C05D3100B750DC /* sun2.mtl */,
				F663619622C05D3100B750DC /* Sun03.jpg */,
				F663619722C05D3100B750DC /* Space-Background.jpg */,
				F663619822C05D3100B750DC /* Map__9_Falloff.jpg */,
				F663619922C05D3100B750DC /* Sun02.jpg */,
				F663619A22C05D3100B750DC /* Sun01.jpg */,
			);
			path = Sun;
			sourceTree = "<group>";
		};
		F663619B22C05D3100B750DC /* Venus */ = {
			isa = PBXGroup;
			children = (
				F663619C22C05D3100B750DC /* venus.obj */,
				F663619D22C05D3100B750DC /* venus.mtl */,
				F663619E22C05D3100B750DC /* venusbump.jpg */,
				F663619F22C05D3100B750DC /* venusmap.jpg */,
			);
			path = Venus;
			sourceTree = "<group>";
		};
		F66361A022C05D3100B750DC /* moon */ = {
			isa = PBXGroup;
			children = (
				F66361A122C05D3100B750DC /* Thumbs.db */,
				F66361A222C05D3100B750DC /* moon1.obj */,
				F66361A322C05D3100B750DC /* MoonMap2_2500x1250.jpg */,
				F66361A422C05D3100B750DC /* moonmap2k.jpg */,
				F66361A522C05D3100B750DC /* moon-normal.jpg */,
				F66361A622C05D3100B750DC /* moon1.mtl */,
			);
			path = moon;
			sourceTree = "<group>";
		};
		F66361A722C05D3100B750DC /* Neptune */ = {
			isa = PBXGroup;
			children = (
				F66361A822C05D3100B750DC /* neptune.mtl */,
				F66361A922C05D3100B750DC /* neptunemap.jpg */,
				F66361AA22C05D3100B750DC /* Neptune.jpg */,
				F66361AB22C05D3100B750DC /* Readme.txt */,
				F66361AC22C05D3100B750DC /* neptune.obj */,
			);
			path = Neptune;
			sourceTree = "<group>";
		};
		F66361AD22C05D3100B750DC /* Saturn */ = {
			isa = PBXGroup;
			children = (
				F66361AE22C05D3100B750DC /* saturn3.mtl */,
				F66361AF22C05D3100B750DC /* saturnmap.jpg */,
				F66361B022C05D3100B750DC /* saturnringpattern.gif */,
				F66361B122C05D3100B750DC /* saturn3.obj */,
				F66361B222C05D3100B750DC /* Saturn.jpg */,
				F66361B322C05D3100B750DC /* saturnringcolor.jpg */,
			);
			path = Saturn;
			sourceTree = "<group>";
		};
		F66361B422C05D3100B750DC /* jupiter */ = {
			isa = PBXGroup;
			children = (
				F66361B522C05D3100B750DC /* Jupiter.jpg */,
				F66361B622C05D3100B750DC /* jupiter1.obj */,
				F66361B722C05D3100B750DC /* Jupiter_2.jpg */,
				F66361B822C05D3100B750DC /* jupiter1.mtl */,
				F66361B922C05D3100B750DC /* Readme.txt */,
				F66361BA22C05D3100B750DC /* jupitermap.jpg */,
				F66361BB22C05D3100B750DC /* descarga (13).jpg */,
			);
			path = jupiter;
			sourceTree = "<group>";
		};
		F66361BC22C05D3100B750DC /* earth */ = {
			isa = PBXGroup;
			children = (
				F66361BD22C05D3100B750DC /* earth.obj */,
				F66361BE22C05D3100B750DC /* planet.jpg */,
				F66361BF22C05D3100B750DC /* 4096_clouds.jpg */,
				F66361C022C05D3100B750DC /* 4096_normal.jpg */,
				F66361C122C05D3100B750DC /* 4096_bump.jpg */,
				F66361C222C05D3100B750DC /* earth.mtl */,
				F66361C322C05D3100B750DC /* 4096_earth.jpg */,
				F66361C422C05D3100B750DC /* 4096_night_lights.jpg */,
			);
			path = earth;
			sourceTree = "<group>";
		};
		F66361C522C05D3100B750DC /* Uranus */ = {
			isa = PBXGroup;
			children = (
				F66361C622C05D3100B750DC /* uranusmap.jpg */,
				F66361C722C05D3100B750DC /* uranus.obj */,
				F66361C822C05D3100B750DC /* uranusmap_bumb.jpg */,
				F66361C922C05D3100B750DC /* uranus.mtl */,
			);
			path = Uranus;
			sourceTree = "<group>";
		};
		F66361CA22C05D3100B750DC /* mars */ = {
			isa = PBXGroup;
			children = (
				F66361CB22C05D3100B750DC /* Mars_normal-strong.obj.mtl */,
				F66361CC22C05D3100B750DC /* mars-sample-big-1.jpg */,
				F66361CD22C05D3100B750DC /* mars-sample-big-3.jpg */,
				F66361CE22C05D3100B750DC /* mars-sample-big-2.jpg */,
				F66361CF22C05D3100B750DC /* Mars8k-modified.jpg */,
				F66361D022C05D3100B750DC /* Mars_normal-strong.obj */,
				F66361D122C05D3100B750DC /* mars-sample-scene.lws */,
				F66361D222C05D3100B750DC /* MarsNormal.jpg */,
				F66361D322C05D3100B750DC /* Mars_normal-strong.lwo */,
			);
			path = mars;
			sourceTree = "<group>";
		};
		F66361D422C05D3100B750DC /* shaders */ = {
			isa = PBXGroup;
			children = (
				F66361D522C05D3100B750DC /* lamp.frag */,
				F66361D622C05D3100B750DC /* lighting.frag */,
				F66361D722C05D3100B750DC /* lighting.vs */,
				F66361D822C05D3100B750DC /* lamp.vs */,
				F66361D922C05D3100B750DC /* modelLoading.frag */,
				F66361DA22C05D3100B750DC /* modelLoading.vs */,
			);
			path = shaders;
			sourceTree = "<group>";
		};
		F66361E022C05D3200B750DC /* SOIL2 */ = {
			isa = PBXGroup;
			children = (
				F66361E122C05D3200B750DC /* image_helper.c */,
				F66361E222C05D3200B750DC /* stbi_pkm.h */,
				F66361E322C05D3200B750DC /* jo_jpeg.h */,
				F66361E422C05D3200B750DC /* image_DXT.c */,
				F66361E522C05D3200B750DC /* etc1_utils.h */,
				F66361E622C05D3200B750DC /* stb_image_write.h */,
				F66361E722C05D3200B750DC /* SOIL2.c */,
				F66361E822C05D3200B750DC /* pkm_helper.h */,
				F66361E922C05D3200B750DC /* stbi_DDS_c.h */,
				F66361EA22C05D3200B750DC /* stbi_pvr.h */,
				F66361EB22C05D3200B750DC /* stbi_ext.h */,
				F66361EC22C05D3200B750DC /* stb_image.h */,
				F66361ED22C05D3200B750DC /* stbi_pvr_c.h */,
				F66361EE22C05D3200B750DC /* stbi_ext_c.h */,
				F66361EF22C05D3200B750DC /* image_helper.h */,
				F66361F022C05D3200B750DC /* SOIL2.h */,
				F66361F122C05D3200B750DC /* etc1_utils.c */,
				F66361F222C05D3200B750DC /* image_DXT.h */,
				F66361F322C05D3200B750DC /* stbi_pkm_c.h */,
				F66361F422C05D3200B750DC /* stbi_DDS.h */,
				F66361F522C05D3200B750DC /* pvr_helper.h */,
			);
			path = SOIL2;
			sourceTree = "<group>";
		};
		F6F7FBC022BA295E00E3D362 /* Frameworks */ = {
			isa = PBXGroup;
			children = (
				F6F7FC3622BA38EF00E3D362 /* CoreFoundation.framework */,
				F6F7FC3422BA363400E3D362 /* ContactsUI.framework */,
				F6F7FBC722BA29EF00E3D362 /* libglfw.3.2.dylib */,
				F6F7FBC522BA29D700E3D362 /* libGLEW.2.1.0.dylib */,
				F6F7FBC322BA29BB00E3D362 /* libassimp.4.1.0.dylib */,
				F6F7FBC122BA295E00E3D362 /* OpenGL.framework */,
			);
			name = Frameworks;
			sourceTree = "<group>";
		};
		F6F7FBE322BA320C00E3D362 /* src */ = {
			isa = PBXGroup;
			children = (
				F66361DF22C05D3200B750DC /* Camera.cpp */,
				F66361F722C05D3200B750DC /* Camera.h */,
				F663616522C05D3100B750DC /* main.cpp */,
				F66361DD22C05D3200B750DC /* Mesh.cpp */,
				F66361DB22C05D3100B750DC /* Mesh.h */,
				F663616622C05D3100B750DC /* Model.cpp */,
				F66361F922C05D3200B750DC /* Model.h */,
				F66361DE22C05D3200B750DC /* Planet.cpp */,
				F66361F622C05D3200B750DC /* Planet.h */,
				F663616722C05D3100B750DC /* res */,
				F66361F822C05D3200B750DC /* Shader.cpp */,
				F66361DC22C05D3100B750DC /* Shader.h */,
				F66361E022C05D3200B750DC /* SOIL2 */,
			);
			path = src;
			sourceTree = SOURCE_ROOT;
		};
/* End PBXGroup section */

/* Begin PBXNativeTarget section */
		E263994C190D148400B6251A /* CGTutorial */ = {
			isa = PBXNativeTarget;
			buildConfigurationList = E263997C190D148500B6251A /* Build configuration list for PBXNativeTarget "CGTutorial" */;
			buildPhases = (
				E2639949190D148400B6251A /* Sources */,
				E263994A190D148400B6251A /* Frameworks */,
			);
			buildRules = (
			);
			dependencies = (
			);
			name = CGTutorial;
			productName = CGTutorial;
			productReference = E263994D190D148400B6251A /* CGTutorial.app */;
			productType = "com.apple.product-type.application";
		};
/* End PBXNativeTarget section */

/* Begin PBXProject section */
		E2639943190D145C00B6251A /* Project object */ = {
			isa = PBXProject;
			attributes = {
				LastUpgradeCheck = 1020;
			};
			buildConfigurationList = E2639946190D145C00B6251A /* Build configuration list for PBXProject "opengl-series" */;
			compatibilityVersion = "Xcode 3.2";
			developmentRegion = en;
			hasScannedForEncodings = 0;
			knownRegions = (
				en,
				Base,
			);
			mainGroup = E2639942190D145C00B6251A;
			productRefGroup = E263994E190D148400B6251A /* Products */;
			projectDirPath = "";
			projectRoot = "";
			targets = (
				E263994C190D148400B6251A /* CGTutorial */,
			);
		};
/* End PBXProject section */

/* Begin PBXSourcesBuildPhase section */
		E2639949190D148400B6251A /* Sources */ = {
			isa = PBXSourcesBuildPhase;
			buildActionMask = 2147483647;
			files = (
				F66361FC22C05D3200B750DC /* Mesh.cpp in Sources */,
				F663620122C05D3200B750DC /* SOIL2.c in Sources */,
				F66361FA22C05D3200B750DC /* main.cpp in Sources */,
				F66361FE22C05D3200B750DC /* Camera.cpp in Sources */,
				F663620322C05D3200B750DC /* Shader.cpp in Sources */,
				F663620222C05D3200B750DC /* etc1_utils.c in Sources */,
				F66361FF22C05D3200B750DC /* image_helper.c in Sources */,
				F663620022C05D3200B750DC /* image_DXT.c in Sources */,
				F66361FB22C05D3200B750DC /* Model.cpp in Sources */,
				F66361FD22C05D3200B750DC /* Planet.cpp in Sources */,
			);
			runOnlyForDeploymentPostprocessing = 0;
		};
/* End PBXSourcesBuildPhase section */

/* Begin XCBuildConfiguration section */
		E2639947190D145D00B6251A /* Debug */ = {
			isa = XCBuildConfiguration;
			buildSettings = {
				CLANG_ANALYZER_LOCALIZABILITY_NONLOCALIZED = YES;
				CLANG_CXX_LANGUAGE_STANDARD = "c++0x";
				CLANG_WARN_BLOCK_CAPTURE_AUTORELEASING = YES;
				CLANG_WARN_BOOL_CONVERSION = YES;
				CLANG_WARN_COMMA = YES;
				CLANG_WARN_CONSTANT_CONVERSION = YES;
				CLANG_WARN_DEPRECATED_OBJC_IMPLEMENTATIONS = YES;
				CLANG_WARN_EMPTY_BODY = YES;
				CLANG_WARN_ENUM_CONVERSION = YES;
				CLANG_WARN_INFINITE_RECURSION = YES;
				CLANG_WARN_INT_CONVERSION = YES;
				CLANG_WARN_NON_LITERAL_NULL_CONVERSION = YES;
				CLANG_WARN_OBJC_IMPLICIT_RETAIN_SELF = YES;
				CLANG_WARN_OBJC_LITERAL_CONVERSION = YES;
				CLANG_WARN_RANGE_LOOP_ANALYSIS = YES;
				CLANG_WARN_STRICT_PROTOTYPES = YES;
				CLANG_WARN_SUSPICIOUS_MOVE = YES;
				CLANG_WARN_UNREACHABLE_CODE = YES;
				CLANG_WARN__DUPLICATE_METHOD_MATCH = YES;
				ENABLE_STRICT_OBJC_MSGSEND = YES;
				ENABLE_TESTABILITY = YES;
				GCC_NO_COMMON_BLOCKS = YES;
				GCC_OPTIMIZATION_LEVEL = 0;
				GCC_PREPROCESSOR_DEFINITIONS = (
					"$(inherited)",
					GLM_FORCE_RADIANS,
				);
				GCC_WARN_64_TO_32_BIT_CONVERSION = YES;
				GCC_WARN_ABOUT_RETURN_TYPE = YES;
				GCC_WARN_PEDANTIC = YES;
				GCC_WARN_UNDECLARED_SELECTOR = YES;
				GCC_WARN_UNINITIALIZED_AUTOS = YES;
				GCC_WARN_UNUSED_FUNCTION = YES;
				GCC_WARN_UNUSED_VARIABLE = YES;
				HEADER_SEARCH_PATHS = (
					"$(inherited)",
					"\"$(PROJECT_DIR)/source/common/thirdparty\"/**",
				);
				LIBRARY_SEARCH_PATHS = "\"$(PROJECT_DIR)/platforms/osx\"";
				MACOSX_DEPLOYMENT_TARGET = 10.9;
				ONLY_ACTIVE_ARCH = YES;
			};
			name = Debug;
		};
		E2639948190D145D00B6251A /* Release */ = {
			isa = XCBuildConfiguration;
			buildSettings = {
				CLANG_ANALYZER_LOCALIZABILITY_NONLOCALIZED = YES;
				CLANG_CXX_LANGUAGE_STANDARD = "c++0x";
				CLANG_WARN_BLOCK_CAPTURE_AUTORELEASING = YES;
				CLANG_WARN_BOOL_CONVERSION = YES;
				CLANG_WARN_COMMA = YES;
				CLANG_WARN_CONSTANT_CONVERSION = YES;
				CLANG_WARN_DEPRECATED_OBJC_IMPLEMENTATIONS = YES;
				CLANG_WARN_EMPTY_BODY = YES;
				CLANG_WARN_ENUM_CONVERSION = YES;
				CLANG_WARN_INFINITE_RECURSION = YES;
				CLANG_WARN_INT_CONVERSION = YES;
				CLANG_WARN_NON_LITERAL_NULL_CONVERSION = YES;
				CLANG_WARN_OBJC_IMPLICIT_RETAIN_SELF = YES;
				CLANG_WARN_OBJC_LITERAL_CONVERSION = YES;
				CLANG_WARN_RANGE_LOOP_ANALYSIS = YES;
				CLANG_WARN_STRICT_PROTOTYPES = YES;
				CLANG_WARN_SUSPICIOUS_MOVE = YES;
				CLANG_WARN_UNREACHABLE_CODE = YES;
				CLANG_WARN__DUPLICATE_METHOD_MATCH = YES;
				ENABLE_STRICT_OBJC_MSGSEND = YES;
				GCC_NO_COMMON_BLOCKS = YES;
				GCC_PREPROCESSOR_DEFINITIONS = (
					"$(inherited)",
					GLM_FORCE_RADIANS,
				);
				GCC_WARN_64_TO_32_BIT_CONVERSION = YES;
				GCC_WARN_ABOUT_RETURN_TYPE = YES;
				GCC_WARN_PEDANTIC = YES;
				GCC_WARN_UNDECLARED_SELECTOR = YES;
				GCC_WARN_UNINITIALIZED_AUTOS = YES;
				GCC_WARN_UNUSED_FUNCTION = YES;
				GCC_WARN_UNUSED_VARIABLE = YES;
				HEADER_SEARCH_PATHS = (
					"$(inherited)",
					"\"$(PROJECT_DIR)/source/common/thirdparty\"/**",
				);
				LIBRARY_SEARCH_PATHS = "\"$(PROJECT_DIR)/platforms/osx\"";
				MACOSX_DEPLOYMENT_TARGET = 10.9;
			};
			name = Release;
		};
		E263997D190D148500B6251A /* Debug */ = {
			isa = XCBuildConfiguration;
			buildSettings = {
				CLANG_ENABLE_OBJC_WEAK = YES;
				HEADER_SEARCH_PATHS = (
					"$(inherited)",
					"\"$(PROJECT_DIR)/source/common/thirdparty\"/**",
					/usr/local/Cellar/glfw/3.2.1/include/,
					/usr/local/Cellar/assimp/4.1.0/include/,
					/usr/local/Cellar/glm/0.9.9.3/include/,
					"/usr/local/Cellar/glew/2.1.0/include/**",
					/usr/local/include,
				);
				LIBRARY_SEARCH_PATHS = (
					"$(inherited)",
					"$(PROJECT_DIR)/platforms/osx",
					/usr/local/Cellar/assimp/4.1.0/lib,
					/usr/local/Cellar/glew/2.1.0/lib,
					/usr/local/Cellar/glfw/3.2.1/lib,
					/usr/local/Cellar/glm/0.9.9.3/include/glm,
					/usr/local/Cellar/glm/0.9.9.3/lib,
					"/usr/local/Cellar/glm/**",
				);
				PRODUCT_NAME = CGTutorial;
			};
			name = Debug;
		};
		E263997E190D148500B6251A /* Release */ = {
			isa = XCBuildConfiguration;
			buildSettings = {
				CLANG_ENABLE_OBJC_WEAK = YES;
				HEADER_SEARCH_PATHS = (
					"$(inherited)",
					"\"$(PROJECT_DIR)/source/common/thirdparty\"/**",
					/usr/local/Cellar/glfw/3.2.1/include/,
					/usr/local/Cellar/assimp/4.1.0/include/,
					/usr/local/Cellar/glm/0.9.9.3/include/,
					"/usr/local/Cellar/glew/2.1.0/include/**",
					/usr/local/include,
				);
				LIBRARY_SEARCH_PATHS = (
					"$(inherited)",
					"$(PROJECT_DIR)/platforms/osx",
					/usr/local/Cellar/assimp/4.1.0/lib,
					/usr/local/Cellar/glew/2.1.0/lib,
					/usr/local/Cellar/glfw/3.2.1/lib,
					/usr/local/Cellar/glm/0.9.9.3/include/glm,
					/usr/local/Cellar/glm/0.9.9.3/lib,
					"/usr/local/Cellar/glm/**",
				);
				PRODUCT_NAME = CGTutorial;
			};
			name = Release;
		};
/* End XCBuildConfiguration section */

/* Begin XCConfigurationList section */
		E2639946190D145C00B6251A /* Build configuration list for PBXProject "opengl-series" */ = {
			isa = XCConfigurationList;
			buildConfigurations = (
				E2639947190D145D00B6251A /* Debug */,
				E2639948190D145D00B6251A /* Release */,
			);
			defaultConfigurationIsVisible = 0;
			defaultConfigurationName = Release;
		};
		E263997C190D148500B6251A /* Build configuration list for PBXNativeTarget "CGTutorial" */ = {
			isa = XCConfigurationList;
			buildConfigurations = (
				E263997D190D148500B6251A /* Debug */,
				E263997E190D148500B6251A /* Release */,
			);
			defaultConfigurationIsVisible = 0;
			defaultConfigurationName = Release;
		};
/* End XCConfigurationList section */
	};
	rootObject = E2639943190D145C00B6251A /* Project object */;
}
